
Microsoft Visual Studio Solution File, Format Version 12.00
# Visual Studio Version 17
VisualStudioVersion = 17.5.33627.172
MinimumVisualStudioVersion = 10.0.40219.1
Project("{9A19103F-16F7-4668-BE54-9A1E7A4F7556}") = "DockerTCPClient", "DockerTCPClient\DockerTCPClient.csproj", "{E0353012-90B7-43EB-8BA9-1AD58CE086D2}"
EndProject
Project("{9A19103F-16F7-4668-BE54-9A1E7A4F7556}") = "DockerTCPServer", "DockerTCPServer\DockerTCPServer.csproj", "{B9F5BEF0-B1C1-48A9-8F53-9A3A58BEEC58}"
EndProject
Global
	GlobalSection(SolutionConfigurationPlatforms) = preSolution
		Debug|Any CPU = Debug|Any CPU
		Release|Any CPU = Release|Any CPU
	EndGlobalSection
	GlobalSection(ProjectConfigurationPlatforms) = postSolution
		{E0353012-90B7-43EB-8BA9-1AD58CE086D2}.Debug|Any CPU.ActiveCfg = Debug|Any CPU
		{E0353012-90B7-43EB-8BA9-1AD58CE086D2}.Debug|Any CPU.Build.0 = Debug|Any CPU
		{E0353012-90B7-43EB-8BA9-1AD58CE086D2}.Release|Any CPU.ActiveCfg = Release|Any CPU
		{E0353012-90B7-43EB-8BA9-1AD58CE086D2}.Release|Any CPU.Build.0 = Release|Any CPU
		{B9F5BEF0-B1C1-48A9-8F53-9A3A58BEEC58}.Debug|Any CPU.ActiveCfg = Debug|Any CPU
		{B9F5BEF0-B1C1-48A9-8F53-9A3A58BEEC58}.Debug|Any CPU.Build.0 = Debug|Any CPU
		{B9F5BEF0-B1C1-48A9-8F53-9A3A58BEEC58}.Release|Any CPU.ActiveCfg = Release|Any CPU
		{B9F5BEF0-B1C1-48A9-8F53-9A3A58BEEC58}.Release|Any CPU.Build.0 = Release|Any CPU
	EndGlobalSection
	GlobalSection(SolutionProperties) = preSolution
		HideSolutionNode = FALSE
	EndGlobalSection
	GlobalSection(ExtensibilityGlobals) = postSolution
		SolutionGuid = {41A1C398-F401-43C9-854B-1406D61CAE1D}
	EndGlobalSection
EndGlobal
